// !$*UTF8*$!
{
	archiveVersion = 1;
	classes = {
	};
	objectVersion = 46;
	objects = {

/* Begin PBXBuildFile section */
		923A554F1EF49DEA005FE008 /* AppDelegate.swift in Sources */ = {isa = PBXBuildFile; fileRef = 923A554E1EF49DEA005FE008 /* AppDelegate.swift */; };
		923A55511EF49DEA005FE008 /* ViewController.swift in Sources */ = {isa = PBXBuildFile; fileRef = 923A55501EF49DEA005FE008 /* ViewController.swift */; };
		923A55541EF49DEA005FE008 /* Main.storyboard in Resources */ = {isa = PBXBuildFile; fileRef = 923A55521EF49DEA005FE008 /* Main.storyboard */; };
		923A55561EF49DEA005FE008 /* Assets.xcassets in Resources */ = {isa = PBXBuildFile; fileRef = 923A55551EF49DEA005FE008 /* Assets.xcassets */; };
		923A55591EF49DEA005FE008 /* LaunchScreen.storyboard in Resources */ = {isa = PBXBuildFile; fileRef = 923A55571EF49DEA005FE008 /* LaunchScreen.storyboard */; };
/* End PBXBuildFile section */

/* Begin PBXFileReference section */
		923A554B1EF49DEA005FE008 /* CoffeeApp.app */ = {isa = PBXFileReference; explicitFileType = wrapper.application; includeInIndex = 0; path = CoffeeApp.app; sourceTree = BUILT_PRODUCTS_DIR; };
		923A554E1EF49DEA005FE008 /* AppDelegate.swift */ = {isa = PBXFileReference; lastKnownFileType = sourcecode.swift; path = AppDelegate.swift; sourceTree = "<group>"; };
		923A55501EF49DEA005FE008 /* ViewController.swift */ = {isa = PBXFileReference; lastKnownFileType = sourcecode.swift; path = ViewController.swift; sourceTree = "<group>"; };
		923A55531EF49DEA005FE008 /* Base */ = {isa = PBXFileReference; lastKnownFileType = file.storyboard; name = Base; path = Base.lproj/Main.storyboard; sourceTree = "<group>"; };
		923A55551EF49DEA005FE008 /* Assets.xcassets */ = {isa = PBXFileReference; lastKnownFileType = folder.assetcatalog; path = Assets.xcassets; sourceTree = "<group>"; };
		923A55581EF49DEA005FE008 /* Base */ = {isa = PBXFileReference; lastKnownFileType = file.storyboard; name = Base; path = Base.lproj/LaunchScreen.storyboard; sourceTree = "<group>"; };
		923A555A1EF49DEA005FE008 /* Info.plist */ = {isa = PBXFileReference; lastKnownFileType = text.plist.xml; path = Info.plist; sourceTree = "<group>"; };
/* End PBXFileReference section */

/* Begin PBXFrameworksBuildPhase section */
		923A55481EF49DEA005FE008 /* Frameworks */ = {
			isa = PBXFrameworksBuildPhase;
			buildActionMask = 2147483647;
			files = (
			);
			runOnlyForDeploymentPostprocessing = 0;
		};
/* End PBXFrameworksBuildPhase section */

/* Begin PBXGroup section */
		923A55421EF49DEA005FE008 = {
			isa = PBXGroup;
			children = (
				923A554D1EF49DEA005FE008 /* CoffeeApp */,
				923A554C1EF49DEA005FE008 /* Products */,
			);
			sourceTree = "<group>";
		};
		923A554C1EF49DEA005FE008 /* Products */ = {
			isa = PBXGroup;
			children = (
				923A554B1EF49DEA005FE008 /* CoffeeApp.app */,
			);
			name = Products;
			sourceTree = "<group>";
		};
		923A554D1EF49DEA005FE008 /* CoffeeApp */ = {
			isa = PBXGroup;
			children = (
				923A554E1EF49DEA005FE008 /* AppDelegate.swift */,
				923A55501EF49DEA005FE008 /* ViewController.swift */,
				923A55521EF49DEA005FE008 /* Main.storyboard */,
				923A55551EF49DEA005FE008 /* Assets.xcassets */,
				923A55571EF49DEA005FE008 /* LaunchScreen.storyboard */,
				923A555A1EF49DEA005FE008 /* Info.plist */,
			);
			path = CoffeeApp;
			sourceTree = "<group>";
		};
/* End PBXGroup section */

/* Begin PBXNativeTarget section */
		923A554A1EF49DEA005FE008 /* CoffeeApp */ = {
			isa = PBXNativeTarget;
			buildConfigurationList = 923A555D1EF49DEA005FE008 /* Build configuration list for PBXNativeTarget "CoffeeApp" */;
			buildPhases = (
				923A55471EF49DEA005FE008 /* Sources */,
				923A55481EF49DEA005FE008 /* Frameworks */,
				923A55491EF49DEA005FE008 /* Resources */,
			);
			buildRules = (
			);
			dependencies = (
			);
			name = CoffeeApp;
			productName = CoffeeApp;
			productReference = 923A554B1EF49DEA005FE008 /* CoffeeApp.app */;
			productType = "com.apple.product-type.application";
		};
/* End PBXNativeTarget section */

/* Begin PBXProject section */
		923A55431EF49DEA005FE008 /* Project object */ = {
			isa = PBXProject;
			attributes = {
				LastSwiftUpdateCheck = 0830;
				LastUpgradeCheck = 0830;
				ORGANIZATIONNAME = "Robert Morrow";
				TargetAttributes = {
					923A554A1EF49DEA005FE008 = {
						CreatedOnToolsVersion = 8.3.3;
						DevelopmentTeam = 599UL4C53T;
						ProvisioningStyle = Automatic;
					};
				};
			};
			buildConfigurationList = 923A55461EF49DEA005FE008 /* Build configuration list for PBXProject "CoffeeApp" */;
			compatibilityVersion = "Xcode 3.2";
			developmentRegion = English;
			hasScannedForEncodings = 0;
			knownRegions = (
				en,
				Base,
			);
			mainGroup = 923A55421EF49DEA005FE008;
			productRefGroup = 923A554C1EF49DEA005FE008 /* Products */;
			projectDirPath = "";
			projectRoot = "";
			targets = (
				923A554A1EF49DEA005FE008 /* CoffeeApp */,
			);
		};
/* End PBXProject section */

/* Begin PBXResourcesBuildPhase section */
		923A55491EF49DEA005FE008 /* Resources */ = {
			isa = PBXResourcesBuildPhase;
			buildActionMask = 2147483647;
			files = (
				923A55591EF49DEA005FE008 /* LaunchScreen.storyboard in Resources */,
				923A55561EF49DEA005FE008 /* Assets.xcassets in Resources */,
				923A55541EF49DEA005FE008 /* Main.storyboard in Resources */,
			);
			runOnlyForDeploymentPostprocessing = 0;
		};
/* End PBXResourcesBuildPhase section */

/* Begin PBXSourcesBuildPhase section */
		923A55471EF49DEA005FE008 /* Sources */ = {
			isa = PBXSourcesBuildPhase;
			buildActionMask = 2147483647;
			files = (
				923A55511EF49DEA005FE008 /* ViewController.swift in Sources */,
				923A554F1EF49DEA005FE008 /* AppDelegate.swift in Sources */,
			);
			runOnlyForDeploymentPostprocessing = 0;
		};
/* End PBXSourcesBuildPhase section */

/* Begin PBXVariantGroup section */
		923A55521EF49DEA005FE008 /* Main.storyboard */ = {
			isa = PBXVariantGroup;
			children = (
				923A55531EF49DEA005FE008 /* Base */,
			);
			name = Main.storyboard;
			sourceTree = "<group>";
		};
		923A55571EF49DEA005FE008 /* LaunchScreen.storyboard */ = {
			isa = PBXVariantGroup;
			children = (
				923A55581EF49DEA005FE008 /* Base */,
			);
			name = LaunchScreen.storyboard;
			sourceTree = "<group>";
		};
/* End PBXVariantGroup section */

/* Begin XCBuildConfiguration section */
		923A555B1EF49DEA005FE008 /* Debug */ = {
			isa = XCBuildConfiguration;
			buildSettings = {
				ALWAYS_SEARCH_USER_PATHS = NO;
				CLANG_ANALYZER_NONNULL = YES;
				CLANG_ANALYZER_NUMBER_OBJECT_CONVERSION = YES_AGGRESSIVE;
				CLANG_CXX_LANGUAGE_STANDARD = "gnu++0x";
				CLANG_CXX_LIBRARY = "libc++";
				CLANG_ENABLE_MODULES = YES;
				CLANG_ENABLE_OBJC_ARC = YES;
				CLANG_WARN_BOOL_CONVERSION = YES;
				CLANG_WARN_CONSTANT_CONVERSION = YES;
				CLANG_WARN_DIRECT_OBJC_ISA_USAGE = YES_ERROR;
				CLANG_WARN_DOCUMENTATION_COMMENTS = YES;
				CLANG_WARN_EMPTY_BODY = YES;
				CLANG_WARN_ENUM_CONVERSION = YES;
				CLANG_WARN_INFINITE_RECURSION = YES;
				CLANG_WARN_INT_CONVERSION = YES;
				CLANG_WARN_OBJC_ROOT_CLASS = YES_ERROR;
				CLANG_WARN_SUSPICIOUS_MOVE = YES;
				CLANG_WARN_UNREACHABLE_CODE = YES;
				CLANG_WARN__DUPLICATE_METHOD_MATCH = YES;
				"CODE_SIGN_IDENTITY[sdk=iphoneos*]" = "iPhone Developer";
				COPY_PHASE_STRIP = NO;
				DEBUG_INFORMATION_FORMAT = dwarf;
				ENABLE_STRICT_OBJC_MSGSEND = YES;
				ENABLE_TESTABILITY = YES;
				GCC_C_LANGUAGE_STANDARD = gnu99;
				GCC_DYNAMIC_NO_PIC = NO;
				GCC_NO_COMMON_BLOCKS = YES;
				GCC_OPTIMIZATION_LEVEL = 0;
				GCC_PREPROCESSOR_DEFINITIONS = (
					"DEBUG=1",
					"$(inherited)",
				);
				GCC_WARN_64_TO_32_BIT_CONVERSION = YES;
				GCC_WARN_ABOUT_RETURN_TYPE = YES_ERROR;
				GCC_WARN_UNDECLARED_SELECTOR = YES;
				GCC_WARN_UNINITIALIZED_AUTOS = YES_AGGRESSIVE;
				GCC_WARN_UNUSED_FUNCTION = YES;
				GCC_WARN_UNUSED_VARIABLE = YES;
				IPHONEOS_DEPLOYMENT_TARGET = 10.3;
				MTL_ENABLE_DEBUG_INFO = YES;
				ONLY_ACTIVE_ARCH = YES;
				SDKROOT = iphoneos;
				SWIFT_ACTIVE_COMPILATION_CONDITIONS = DEBUG;
				SWIFT_OPTIMIZATION_LEVEL = "-Onone";
			};
			name = Debug;
		};
		923A555C1EF49DEA005FE008 /* Release */ = {
			isa = XCBuildConfiguration;
			buildSettings = {
				ALWAYS_SEARCH_USER_PATHS = NO;
				CLANG_ANALYZER_NONNULL = YES;
				CLANG_ANALYZER_NUMBER_OBJECT_CONVERSION = YES_AGGRESSIVE;
				CLANG_CXX_LANGUAGE_STANDARD = "gnu++0x";
				CLANG_CXX_LIBRARY = "libc++";
				CLANG_ENABLE_MODULES = YES;
				CLANG_ENABLE_OBJC_ARC = YES;
				CLANG_WARN_BOOL_CONVERSION = YES;
				CLANG_WARN_CONSTANT_CONVERSION = YES;
				CLANG_WARN_DIRECT_OBJC_ISA_USAGE = YES_ERROR;
				CLANG_WARN_DOCUMENTATION_COMMENTS = YES;
				CLANG_WARN_EMPTY_BODY = YES;
				CLANG_WARN_ENUM_CONVERSION = YES;
				CLANG_WARN_INFINITE_RECURSION = YES;
				CLANG_WARN_INT_CONVERSION = YES;
				CLANG_WARN_OBJC_ROOT_CLASS = YES_ERROR;
				CLANG_WARN_SUSPICIOUS_MOVE = YES;
				CLANG_WARN_UNREACHABLE_CODE = YES;
				CLANG_WARN__DUPLICATE_METHOD_MATCH = YES;
				"CODE_SIGN_IDENTITY[sdk=iphoneos*]" = "iPhone Developer";
				COPY_PHASE_STRIP = NO;
				DEBUG_INFORMATION_FORMAT = "dwarf-with-dsym";
				ENABLE_NS_ASSERTIONS = NO;
				ENABLE_STRICT_OBJC_MSGSEND = YES;
				GCC_C_LANGUAGE_STANDARD = gnu99;
				GCC_NO_COMMON_BLOCKS = YES;
				GCC_WARN_64_TO_32_BIT_CONVERSION = YES;
				GCC_WARN_ABOUT_RETURN_TYPE = YES_ERROR;
				GCC_WARN_UNDECLARED_SELECTOR = YES;
				GCC_WARN_UNINITIALIZED_AUTOS = YES_AGGRESSIVE;
				GCC_WARN_UNUSED_FUNCTION = YES;
				GCC_WARN_UNUSED_VARIABLE = YES;
				IPHONEOS_DEPLOYMENT_TARGET = 10.3;
				MTL_ENABLE_DEBUG_INFO = NO;
				SDKROOT = iphoneos;
				SWIFT_OPTIMIZATION_LEVEL = "-Owholemodule";
				VALIDATE_PRODUCT = YES;
			};
			name = Release;
		};
		923A555E1EF49DEA005FE008 /* Debug */ = {
			isa = XCBuildConfiguration;
			buildSettings = {
				ASSETCATALOG_COMPILER_APPICON_NAME = AppIcon;
				DEVELOPMENT_TEAM = 599UL4C53T;
				INFOPLIST_FILE = CoffeeApp/Info.plist;
				LD_RUNPATH_SEARCH_PATHS = "$(inherited) @executable_path/Frameworks";
				PRODUCT_BUNDLE_IDENTIFIER = com.athoslabs.CoffeeApp;
				PRODUCT_NAME = "$(TARGET_NAME)";
				SWIFT_VERSION = 3.0;
			};
			name = Debug;
		};
		923A555F1EF49DEA005FE008 /* Release */ = {
			isa = XCBuildConfiguration;
			buildSettings = {
				ASSETCATALOG_COMPILER_APPICON_NAME = AppIcon;
				DEVELOPMENT_TEAM = 599UL4C53T;
				INFOPLIST_FILE = CoffeeApp/Info.plist;
				LD_RUNPATH_SEARCH_PATHS = "$(inherited) @executable_path/Frameworks";
				PRODUCT_BUNDLE_IDENTIFIER = com.athoslabs.CoffeeApp;
				PRODUCT_NAME = "$(TARGET_NAME)";
				SWIFT_VERSION = 3.0;
			};
			name = Release;
		};
/* End XCBuildConfiguration section */

/* Begin XCConfigurationList section */
		923A55461EF49DEA005FE008 /* Build configuration list for PBXProject "CoffeeApp" */ = {
			isa = XCConfigurationList;
			buildConfigurations = (
				923A555B1EF49DEA005FE008 /* Debug */,
				923A555C1EF49DEA005FE008 /* Release */,
			);
			defaultConfigurationIsVisible = 0;
			defaultConfigurationName = Release;
		};
		923A555D1EF49DEA005FE008 /* Build configuration list for PBXNativeTarget "CoffeeApp" */ = {
			isa = XCConfigurationList;
			buildConfigurations = (
				923A555E1EF49DEA005FE008 /* Debug */,
				923A555F1EF49DEA005FE008 /* Release */,
			);
			defaultConfigurationIsVisible = 0;
		};
/* End XCConfigurationList section */
	};
	rootObject = 923A55431EF49DEA005FE008 /* Project object */;
}
